
Microsoft Visual Studio Solution File, Format Version 12.00
# Visual Studio Version 16
VisualStudioVersion = 16.0.31515.178
MinimumVisualStudioVersion = 10.0.40219.1
Project("{888888A0-9F3D-457C-B088-3A5042F75D52}") = "CIS261ProjectPhase1", "CIS261ProjectPhase1.pyproj", "{69F8918B-D5DF-4DDE-9398-EF6BCF93689E}"
EndProject
Global
	GlobalSection(SolutionConfigurationPlatforms) = preSolution
		Debug|Any CPU = Debug|Any CPU
		Release|Any CPU = Release|Any CPU
	EndGlobalSection
	GlobalSection(ProjectConfigurationPlatforms) = postSolution
		{69F8918B-D5DF-4DDE-9398-EF6BCF93689E}.Debug|Any CPU.ActiveCfg = Debug|Any CPU
		{69F8918B-D5DF-4DDE-9398-EF6BCF93689E}.Release|Any CPU.ActiveCfg = Release|Any CPU
	EndGlobalSection
	GlobalSection(SolutionProperties) = preSolution
		HideSolutionNode = FALSE
	EndGlobalSection
	GlobalSection(ExtensibilityGlobals) = postSolution
		SolutionGuid = {02F2CFE6-FE6E-48C6-A22B-86010CB4E8BF}
	EndGlobalSection
EndGlobal
